
Microsoft Visual Studio Solution File, Format Version 12.00
# Visual Studio 15
VisualStudioVersion = 15.0.27428.2005
MinimumVisualStudioVersion = 10.0.40219.1
Project("{8BC9CEB8-8B4A-11D0-8D11-00A0C91BC942}") = "ConsoleApplication4", "ConsoleApplication4\ConsoleApplication4.vcxproj", "{DD1FBDE2-1A58-47FB-BED9-3000C935EE51}"
EndProject
Global
	GlobalSection(SolutionConfigurationPlatforms) = preSolution
		Debug|x64 = Debug|x64
		Debug|x86 = Debug|x86
		Release|x64 = Release|x64
		Release|x86 = Release|x86
	EndGlobalSection
	GlobalSection(ProjectConfigurationPlatforms) = postSolution
		{DD1FBDE2-1A58-47FB-BED9-3000C935EE51}.Debug|x64.ActiveCfg = Debug|x64
		{DD1FBDE2-1A58-47FB-BED9-3000C935EE51}.Debug|x64.Build.0 = Debug|x64
		{DD1FBDE2-1A58-47FB-BED9-3000C935EE51}.Debug|x86.ActiveCfg = Debug|Win32
		{DD1FBDE2-1A58-47FB-BED9-3000C935EE51}.Debug|x86.Build.0 = Debug|Win32
		{DD1FBDE2-1A58-47FB-BED9-3000C935EE51}.Release|x64.ActiveCfg = Release|x64
		{DD1FBDE2-1A58-47FB-BED9-3000C935EE51}.Release|x64.Build.0 = Release|x64
		{DD1FBDE2-1A58-47FB-BED9-3000C935EE51}.Release|x86.ActiveCfg = Release|Win32
		{DD1FBDE2-1A58-47FB-BED9-3000C935EE51}.Release|x86.Build.0 = Release|Win32
	EndGlobalSection
	GlobalSection(SolutionProperties) = preSolution
		HideSolutionNode = FALSE
	EndGlobalSection
	GlobalSection(ExtensibilityGlobals) = postSolution
		SolutionGuid = {16A0228E-7213-4D26-8825-6C15722A44DC}
	EndGlobalSection
EndGlobal
